
Microsoft Visual Studio Solution File, Format Version 12.00
# Visual Studio 2012
Project("{FAE04EC0-301F-11D3-BF4B-00C04F79EFBC}") = "Kudu", "Kudu\Kudu.csproj", "{1695DFFF-7E7F-4576-93D6-E2CA8A525825}"
EndProject
Project("{FAE04EC0-301F-11D3-BF4B-00C04F79EFBC}") = "Librarian", "Librarian\Librarian.csproj", "{B921922F-565C-4637-8395-EE53C7737724}"
EndProject
Project("{FAE04EC0-301F-11D3-BF4B-00C04F79EFBC}") = "Kudu.About", "Kudu.About\Kudu.About.csproj", "{633FADB6-2E3D-47B1-94A9-85C015803A13}"
EndProject
Project("{FAE04EC0-301F-11D3-BF4B-00C04F79EFBC}") = "Kudu.Controls", "Kudu.Controls\Kudu.Controls.csproj", "{A91152A4-5A5E-4A80-9FEF-FEFAA9DEDA64}"
EndProject
Project("{FAE04EC0-301F-11D3-BF4B-00C04F79EFBC}") = "AgFx.WP8", "..\AgFx\AgFx.WP8\AgFx.WP8.csproj", "{5E9B73EF-3F4E-414D-982B-07196E1E6B78}"
EndProject
Project("{FAE04EC0-301F-11D3-BF4B-00C04F79EFBC}") = "Simian", "..\Simian\Simian\Simian.csproj", "{C8A1F60A-5AB5-4FD2-84F6-44FCDB6AFD9C}"
EndProject
Project("{FAE04EC0-301F-11D3-BF4B-00C04F79EFBC}") = "Windows.Phone.Controls.Toolkit.AppBar", "..\BindableApplicationBar\Windows.Phone.Controls.Toolkit.AppBar\Windows.Phone.Controls.Toolkit.AppBar.csproj", "{1268B0A9-0732-4761-B47A-C66576765287}"
EndProject
Project("{FAE04EC0-301F-11D3-BF4B-00C04F79EFBC}") = "Kudo.BackgroundTask", "Kudo.BackgroundTask\Kudo.BackgroundTask.csproj", "{50F6C454-E0B0-47E5-9CF0-3E6FF81393C2}"
EndProject
Global
	GlobalSection(SolutionConfigurationPlatforms) = preSolution
		Debug|Any CPU = Debug|Any CPU
		Debug|ARM = Debug|ARM
		Debug|x86 = Debug|x86
		Package|Any CPU = Package|Any CPU
		Package|ARM = Package|ARM
		Package|x86 = Package|x86
		Release|Any CPU = Release|Any CPU
		Release|ARM = Release|ARM
		Release|x86 = Release|x86
	EndGlobalSection
	GlobalSection(ProjectConfigurationPlatforms) = postSolution
		{1695DFFF-7E7F-4576-93D6-E2CA8A525825}.Debug|Any CPU.ActiveCfg = Debug|Any CPU
		{1695DFFF-7E7F-4576-93D6-E2CA8A525825}.Debug|Any CPU.Build.0 = Debug|Any CPU
		{1695DFFF-7E7F-4576-93D6-E2CA8A525825}.Debug|Any CPU.Deploy.0 = Debug|Any CPU
		{1695DFFF-7E7F-4576-93D6-E2CA8A525825}.Debug|ARM.ActiveCfg = Debug|ARM
		{1695DFFF-7E7F-4576-93D6-E2CA8A525825}.Debug|ARM.Build.0 = Debug|ARM
		{1695DFFF-7E7F-4576-93D6-E2CA8A525825}.Debug|ARM.Deploy.0 = Debug|ARM
		{1695DFFF-7E7F-4576-93D6-E2CA8A525825}.Debug|x86.ActiveCfg = Debug|x86
		{1695DFFF-7E7F-4576-93D6-E2CA8A525825}.Debug|x86.Build.0 = Debug|x86
		{1695DFFF-7E7F-4576-93D6-E2CA8A525825}.Debug|x86.Deploy.0 = Debug|x86
		{1695DFFF-7E7F-4576-93D6-E2CA8A525825}.Package|Any CPU.ActiveCfg = Release|Any CPU
		{1695DFFF-7E7F-4576-93D6-E2CA8A525825}.Package|Any CPU.Build.0 = Release|Any CPU
		{1695DFFF-7E7F-4576-93D6-E2CA8A525825}.Package|Any CPU.Deploy.0 = Release|Any CPU
		{1695DFFF-7E7F-4576-93D6-E2CA8A525825}.Package|ARM.ActiveCfg = Package|ARM
		{1695DFFF-7E7F-4576-93D6-E2CA8A525825}.Package|ARM.Build.0 = Package|ARM
		{1695DFFF-7E7F-4576-93D6-E2CA8A525825}.Package|ARM.Deploy.0 = Package|ARM
		{1695DFFF-7E7F-4576-93D6-E2CA8A525825}.Package|x86.ActiveCfg = Package|x86
		{1695DFFF-7E7F-4576-93D6-E2CA8A525825}.Package|x86.Build.0 = Package|x86
		{1695DFFF-7E7F-4576-93D6-E2CA8A525825}.Package|x86.Deploy.0 = Package|x86
		{1695DFFF-7E7F-4576-93D6-E2CA8A525825}.Release|Any CPU.ActiveCfg = Release|Any CPU
		{1695DFFF-7E7F-4576-93D6-E2CA8A525825}.Release|Any CPU.Build.0 = Release|Any CPU
		{1695DFFF-7E7F-4576-93D6-E2CA8A525825}.Release|Any CPU.Deploy.0 = Release|Any CPU
		{1695DFFF-7E7F-4576-93D6-E2CA8A525825}.Release|ARM.ActiveCfg = Release|ARM
		{1695DFFF-7E7F-4576-93D6-E2CA8A525825}.Release|ARM.Build.0 = Release|ARM
		{1695DFFF-7E7F-4576-93D6-E2CA8A525825}.Release|ARM.Deploy.0 = Release|ARM
		{1695DFFF-7E7F-4576-93D6-E2CA8A525825}.Release|x86.ActiveCfg = Release|x86
		{1695DFFF-7E7F-4576-93D6-E2CA8A525825}.Release|x86.Build.0 = Release|x86
		{1695DFFF-7E7F-4576-93D6-E2CA8A525825}.Release|x86.Deploy.0 = Release|x86
		{B921922F-565C-4637-8395-EE53C7737724}.Debug|Any CPU.ActiveCfg = Debug|Any CPU
		{B921922F-565C-4637-8395-EE53C7737724}.Debug|Any CPU.Build.0 = Debug|Any CPU
		{B921922F-565C-4637-8395-EE53C7737724}.Debug|ARM.ActiveCfg = Debug|Any CPU
		{B921922F-565C-4637-8395-EE53C7737724}.Debug|x86.ActiveCfg = Debug|Any CPU
		{B921922F-565C-4637-8395-EE53C7737724}.Package|Any CPU.ActiveCfg = Release|Any CPU
		{B921922F-565C-4637-8395-EE53C7737724}.Package|Any CPU.Build.0 = Release|Any CPU
		{B921922F-565C-4637-8395-EE53C7737724}.Package|ARM.ActiveCfg = Release|Any CPU
		{B921922F-565C-4637-8395-EE53C7737724}.Package|x86.ActiveCfg = Release|Any CPU
		{B921922F-565C-4637-8395-EE53C7737724}.Release|Any CPU.ActiveCfg = Release|Any CPU
		{B921922F-565C-4637-8395-EE53C7737724}.Release|Any CPU.Build.0 = Release|Any CPU
		{B921922F-565C-4637-8395-EE53C7737724}.Release|ARM.ActiveCfg = Release|Any CPU
		{B921922F-565C-4637-8395-EE53C7737724}.Release|x86.ActiveCfg = Release|Any CPU
		{633FADB6-2E3D-47B1-94A9-85C015803A13}.Debug|Any CPU.ActiveCfg = Debug|Any CPU
		{633FADB6-2E3D-47B1-94A9-85C015803A13}.Debug|Any CPU.Build.0 = Debug|Any CPU
		{633FADB6-2E3D-47B1-94A9-85C015803A13}.Debug|ARM.ActiveCfg = Debug|Any CPU
		{633FADB6-2E3D-47B1-94A9-85C015803A13}.Debug|x86.ActiveCfg = Debug|Any CPU
		{633FADB6-2E3D-47B1-94A9-85C015803A13}.Package|Any CPU.ActiveCfg = Release|Any CPU
		{633FADB6-2E3D-47B1-94A9-85C015803A13}.Package|Any CPU.Build.0 = Release|Any CPU
		{633FADB6-2E3D-47B1-94A9-85C015803A13}.Package|ARM.ActiveCfg = Release|Any CPU
		{633FADB6-2E3D-47B1-94A9-85C015803A13}.Package|x86.ActiveCfg = Release|Any CPU
		{633FADB6-2E3D-47B1-94A9-85C015803A13}.Release|Any CPU.ActiveCfg = Release|Any CPU
		{633FADB6-2E3D-47B1-94A9-85C015803A13}.Release|Any CPU.Build.0 = Release|Any CPU
		{633FADB6-2E3D-47B1-94A9-85C015803A13}.Release|ARM.ActiveCfg = Release|Any CPU
		{633FADB6-2E3D-47B1-94A9-85C015803A13}.Release|x86.ActiveCfg = Release|Any CPU
		{A91152A4-5A5E-4A80-9FEF-FEFAA9DEDA64}.Debug|Any CPU.ActiveCfg = Debug|Any CPU
		{A91152A4-5A5E-4A80-9FEF-FEFAA9DEDA64}.Debug|Any CPU.Build.0 = Debug|Any CPU
		{A91152A4-5A5E-4A80-9FEF-FEFAA9DEDA64}.Debug|ARM.ActiveCfg = Debug|Any CPU
		{A91152A4-5A5E-4A80-9FEF-FEFAA9DEDA64}.Debug|x86.ActiveCfg = Debug|Any CPU
		{A91152A4-5A5E-4A80-9FEF-FEFAA9DEDA64}.Package|Any CPU.ActiveCfg = Release|Any CPU
		{A91152A4-5A5E-4A80-9FEF-FEFAA9DEDA64}.Package|Any CPU.Build.0 = Release|Any CPU
		{A91152A4-5A5E-4A80-9FEF-FEFAA9DEDA64}.Package|ARM.ActiveCfg = Release|Any CPU
		{A91152A4-5A5E-4A80-9FEF-FEFAA9DEDA64}.Package|x86.ActiveCfg = Release|Any CPU
		{A91152A4-5A5E-4A80-9FEF-FEFAA9DEDA64}.Release|Any CPU.ActiveCfg = Release|Any CPU
		{A91152A4-5A5E-4A80-9FEF-FEFAA9DEDA64}.Release|Any CPU.Build.0 = Release|Any CPU
		{A91152A4-5A5E-4A80-9FEF-FEFAA9DEDA64}.Release|ARM.ActiveCfg = Release|Any CPU
		{A91152A4-5A5E-4A80-9FEF-FEFAA9DEDA64}.Release|x86.ActiveCfg = Release|Any CPU
		{5E9B73EF-3F4E-414D-982B-07196E1E6B78}.Debug|Any CPU.ActiveCfg = Debug|Any CPU
		{5E9B73EF-3F4E-414D-982B-07196E1E6B78}.Debug|Any CPU.Build.0 = Debug|Any CPU
		{5E9B73EF-3F4E-414D-982B-07196E1E6B78}.Debug|ARM.ActiveCfg = Debug|ARM
		{5E9B73EF-3F4E-414D-982B-07196E1E6B78}.Debug|ARM.Build.0 = Debug|ARM
		{5E9B73EF-3F4E-414D-982B-07196E1E6B78}.Debug|x86.ActiveCfg = Debug|x86
		{5E9B73EF-3F4E-414D-982B-07196E1E6B78}.Debug|x86.Build.0 = Debug|x86
		{5E9B73EF-3F4E-414D-982B-07196E1E6B78}.Package|Any CPU.ActiveCfg = Release|Any CPU
		{5E9B73EF-3F4E-414D-982B-07196E1E6B78}.Package|Any CPU.Build.0 = Release|Any CPU
		{5E9B73EF-3F4E-414D-982B-07196E1E6B78}.Package|ARM.ActiveCfg = Release|ARM
		{5E9B73EF-3F4E-414D-982B-07196E1E6B78}.Package|ARM.Build.0 = Release|ARM
		{5E9B73EF-3F4E-414D-982B-07196E1E6B78}.Package|x86.ActiveCfg = Release|x86
		{5E9B73EF-3F4E-414D-982B-07196E1E6B78}.Package|x86.Build.0 = Release|x86
		{5E9B73EF-3F4E-414D-982B-07196E1E6B78}.Release|Any CPU.ActiveCfg = Release|Any CPU
		{5E9B73EF-3F4E-414D-982B-07196E1E6B78}.Release|Any CPU.Build.0 = Release|Any CPU
		{5E9B73EF-3F4E-414D-982B-07196E1E6B78}.Release|ARM.ActiveCfg = Release|ARM
		{5E9B73EF-3F4E-414D-982B-07196E1E6B78}.Release|ARM.Build.0 = Release|ARM
		{5E9B73EF-3F4E-414D-982B-07196E1E6B78}.Release|x86.ActiveCfg = Release|x86
		{5E9B73EF-3F4E-414D-982B-07196E1E6B78}.Release|x86.Build.0 = Release|x86
		{C8A1F60A-5AB5-4FD2-84F6-44FCDB6AFD9C}.Debug|Any CPU.ActiveCfg = Debug|Any CPU
		{C8A1F60A-5AB5-4FD2-84F6-44FCDB6AFD9C}.Debug|Any CPU.Build.0 = Debug|Any CPU
		{C8A1F60A-5AB5-4FD2-84F6-44FCDB6AFD9C}.Debug|ARM.ActiveCfg = Debug|ARM
		{C8A1F60A-5AB5-4FD2-84F6-44FCDB6AFD9C}.Debug|ARM.Build.0 = Debug|ARM
		{C8A1F60A-5AB5-4FD2-84F6-44FCDB6AFD9C}.Debug|x86.ActiveCfg = Debug|x86
		{C8A1F60A-5AB5-4FD2-84F6-44FCDB6AFD9C}.Debug|x86.Build.0 = Debug|x86
		{C8A1F60A-5AB5-4FD2-84F6-44FCDB6AFD9C}.Package|Any CPU.ActiveCfg = Release|Any CPU
		{C8A1F60A-5AB5-4FD2-84F6-44FCDB6AFD9C}.Package|Any CPU.Build.0 = Release|Any CPU
		{C8A1F60A-5AB5-4FD2-84F6-44FCDB6AFD9C}.Package|ARM.ActiveCfg = Release|ARM
		{C8A1F60A-5AB5-4FD2-84F6-44FCDB6AFD9C}.Package|ARM.Build.0 = Release|ARM
		{C8A1F60A-5AB5-4FD2-84F6-44FCDB6AFD9C}.Package|x86.ActiveCfg = Release|x86
		{C8A1F60A-5AB5-4FD2-84F6-44FCDB6AFD9C}.Package|x86.Build.0 = Release|x86
		{C8A1F60A-5AB5-4FD2-84F6-44FCDB6AFD9C}.Release|Any CPU.ActiveCfg = Release|Any CPU
		{C8A1F60A-5AB5-4FD2-84F6-44FCDB6AFD9C}.Release|Any CPU.Build.0 = Release|Any CPU
		{C8A1F60A-5AB5-4FD2-84F6-44FCDB6AFD9C}.Release|ARM.ActiveCfg = Release|ARM
		{C8A1F60A-5AB5-4FD2-84F6-44FCDB6AFD9C}.Release|ARM.Build.0 = Release|ARM
		{C8A1F60A-5AB5-4FD2-84F6-44FCDB6AFD9C}.Release|x86.ActiveCfg = Release|x86
		{C8A1F60A-5AB5-4FD2-84F6-44FCDB6AFD9C}.Release|x86.Build.0 = Release|x86
		{1268B0A9-0732-4761-B47A-C66576765287}.Debug|Any CPU.ActiveCfg = Debug|Any CPU
		{1268B0A9-0732-4761-B47A-C66576765287}.Debug|Any CPU.Build.0 = Debug|Any CPU
		{1268B0A9-0732-4761-B47A-C66576765287}.Debug|ARM.ActiveCfg = Debug|ARM
		{1268B0A9-0732-4761-B47A-C66576765287}.Debug|ARM.Build.0 = Debug|ARM
		{1268B0A9-0732-4761-B47A-C66576765287}.Debug|x86.ActiveCfg = Debug|x86
		{1268B0A9-0732-4761-B47A-C66576765287}.Debug|x86.Build.0 = Debug|x86
		{1268B0A9-0732-4761-B47A-C66576765287}.Package|Any CPU.ActiveCfg = Release|Any CPU
		{1268B0A9-0732-4761-B47A-C66576765287}.Package|Any CPU.Build.0 = Release|Any CPU
		{1268B0A9-0732-4761-B47A-C66576765287}.Package|ARM.ActiveCfg = Release|ARM
		{1268B0A9-0732-4761-B47A-C66576765287}.Package|ARM.Build.0 = Release|ARM
		{1268B0A9-0732-4761-B47A-C66576765287}.Package|x86.ActiveCfg = Release|x86
		{1268B0A9-0732-4761-B47A-C66576765287}.Package|x86.Build.0 = Release|x86
		{1268B0A9-0732-4761-B47A-C66576765287}.Release|Any CPU.ActiveCfg = Release|Any CPU
		{1268B0A9-0732-4761-B47A-C66576765287}.Release|Any CPU.Build.0 = Release|Any CPU
		{1268B0A9-0732-4761-B47A-C66576765287}.Release|ARM.ActiveCfg = Release|ARM
		{1268B0A9-0732-4761-B47A-C66576765287}.Release|ARM.Build.0 = Release|ARM
		{1268B0A9-0732-4761-B47A-C66576765287}.Release|x86.ActiveCfg = Release|x86
		{1268B0A9-0732-4761-B47A-C66576765287}.Release|x86.Build.0 = Release|x86
		{50F6C454-E0B0-47E5-9CF0-3E6FF81393C2}.Debug|Any CPU.ActiveCfg = Debug|Any CPU
		{50F6C454-E0B0-47E5-9CF0-3E6FF81393C2}.Debug|Any CPU.Build.0 = Debug|Any CPU
		{50F6C454-E0B0-47E5-9CF0-3E6FF81393C2}.Debug|ARM.ActiveCfg = Debug|ARM
		{50F6C454-E0B0-47E5-9CF0-3E6FF81393C2}.Debug|ARM.Build.0 = Debug|ARM
		{50F6C454-E0B0-47E5-9CF0-3E6FF81393C2}.Debug|x86.ActiveCfg = Debug|x86
		{50F6C454-E0B0-47E5-9CF0-3E6FF81393C2}.Debug|x86.Build.0 = Debug|x86
		{50F6C454-E0B0-47E5-9CF0-3E6FF81393C2}.Package|Any CPU.ActiveCfg = Release|Any CPU
		{50F6C454-E0B0-47E5-9CF0-3E6FF81393C2}.Package|Any CPU.Build.0 = Release|Any CPU
		{50F6C454-E0B0-47E5-9CF0-3E6FF81393C2}.Package|ARM.ActiveCfg = Release|ARM
		{50F6C454-E0B0-47E5-9CF0-3E6FF81393C2}.Package|ARM.Build.0 = Release|ARM
		{50F6C454-E0B0-47E5-9CF0-3E6FF81393C2}.Package|x86.ActiveCfg = Release|x86
		{50F6C454-E0B0-47E5-9CF0-3E6FF81393C2}.Package|x86.Build.0 = Release|x86
		{50F6C454-E0B0-47E5-9CF0-3E6FF81393C2}.Release|Any CPU.ActiveCfg = Release|Any CPU
		{50F6C454-E0B0-47E5-9CF0-3E6FF81393C2}.Release|Any CPU.Build.0 = Release|Any CPU
		{50F6C454-E0B0-47E5-9CF0-3E6FF81393C2}.Release|ARM.ActiveCfg = Release|ARM
		{50F6C454-E0B0-47E5-9CF0-3E6FF81393C2}.Release|ARM.Build.0 = Release|ARM
		{50F6C454-E0B0-47E5-9CF0-3E6FF81393C2}.Release|x86.ActiveCfg = Release|x86
		{50F6C454-E0B0-47E5-9CF0-3E6FF81393C2}.Release|x86.Build.0 = Release|x86
	EndGlobalSection
	GlobalSection(SolutionProperties) = preSolution
		HideSolutionNode = FALSE
	EndGlobalSection
EndGlobal
